
Microsoft Visual Studio Solution File, Format Version 12.00
# Visual Studio Version 16
VisualStudioVersion = 16.0.30621.155
MinimumVisualStudioVersion = 10.0.40219.1
Project("{888888A0-9F3D-457C-B088-3A5042F75D52}") = "Sushi", "Sushi.pyproj", "{B78F584B-18D7-4BA4-8D05-B5A21A7CF416}"
EndProject
Global
	GlobalSection(SolutionConfigurationPlatforms) = preSolution
		Debug|Any CPU = Debug|Any CPU
		Release|Any CPU = Release|Any CPU
	EndGlobalSection
	GlobalSection(ProjectConfigurationPlatforms) = postSolution
		{B78F584B-18D7-4BA4-8D05-B5A21A7CF416}.Debug|Any CPU.ActiveCfg = Debug|Any CPU
		{B78F584B-18D7-4BA4-8D05-B5A21A7CF416}.Release|Any CPU.ActiveCfg = Release|Any CPU
	EndGlobalSection
	GlobalSection(SolutionProperties) = preSolution
		HideSolutionNode = FALSE
	EndGlobalSection
	GlobalSection(ExtensibilityGlobals) = postSolution
		SolutionGuid = {BC5F755D-DF98-4949-8220-DACCA9786470}
	EndGlobalSection
EndGlobal
